version = 1
revision = 3
requires-python = ">=3.13"

[[package]]
name = "altgraph"
version = "0.17.4"
source = { registry = "https://pypi.org/simple" }
sdist = { url = "https://files.pythonhosted.org/packages/de/a8/7145824cf0b9e3c28046520480f207df47e927df83aa9555fb47f8505922/altgraph-0.17.4.tar.gz", hash = "sha256:1b5afbb98f6c4dcadb2e2ae6ab9fa994bbb8c1d75f4fa96d340f9437ae454406", size = 48418, upload-time = "2023-09-25T09:04:52.164Z" }
wheels = [
    { url = "https://files.pythonhosted.org/packages/4d/3f/3bc3f1d83f6e4a7fcb834d3720544ca597590425be5ba9db032b2bf322a2/altgraph-0.17.4-py2.py3-none-any.whl", hash = "sha256:642743b4750de17e655e6711601b077bc6598dbfa3ba5fa2b2a35ce12b508dff", size = 21212, upload-time = "2023-09-25T09:04:50.691Z" },
]

[[package]]
name = "certifi"
version = "2025.11.12"
source = { registry = "https://pypi.org/simple" }
sdist = { url = "https://files.pythonhosted.org/packages/a2/8c/58f469717fa48465e4a50c014a0400602d3c437d7c0c468e17ada824da3a/certifi-2025.11.12.tar.gz", hash = "sha256:d8ab5478f2ecd78af242878415affce761ca6bc54a22a27e026d7c25357c3316", size = 160538, upload-time = "2025-11-12T02:54:51.517Z" }
wheels = [
    { url = "https://files.pythonhosted.org/packages/70/7d/9bc192684cea499815ff478dfcdc13835ddf401365057044fb721ec6bddb/certifi-2025.11.12-py3-none-any.whl", hash = "sha256:97de8790030bbd5c2d96b7ec782fc2f7820ef8dba6db909ccf95449f2d062d4b", size = 159438, upload-time = "2025-11-12T02:54:49.735Z" },
]

[[package]]
name = "charset-normalizer"
version = "3.4.4"
source = { registry = "https://pypi.org/simple" }
sdist = { url = "https://files.pythonhosted.org/packages/13/69/33ddede1939fdd074bce5434295f38fae7136463422fe4fd3e0e89b98062/charset_normalizer-3.4.4.tar.gz", hash = "sha256:94537985111c35f28720e43603b8e7b43a6ecfb2ce1d3058bbe955b73404e21a", size = 129418, upload-time = "2025-10-14T04:42:32.879Z" }
wheels = [
    { url = "https://files.pythonhosted.org/packages/97/45/4b3a1239bbacd321068ea6e7ac28875b03ab8bc0aa0966452db17cd36714/charset_normalizer-3.4.4-cp313-cp313-macosx_10_13_universal2.whl", hash = "sha256:e1f185f86a6f3403aa2420e815904c67b2f9ebc443f045edd0de921108345794", size = 208091, upload-time = "2025-10-14T04:41:13.346Z" },
    { url = "https://files.pythonhosted.org/packages/7d/62/73a6d7450829655a35bb88a88fca7d736f9882a27eacdca2c6d505b57e2e/charset_normalizer-3.4.4-cp313-cp313-manylinux2014_aarch64.manylinux_2_17_aarch64.manylinux_2_28_aarch64.whl", hash = "sha256:6b39f987ae8ccdf0d2642338faf2abb1862340facc796048b604ef14919e55ed", size = 147936, upload-time = "2025-10-14T04:41:14.461Z" },
    { url = "https://files.pythonhosted.org/packages/89/c5/adb8c8b3d6625bef6d88b251bbb0d95f8205831b987631ab0c8bb5d937c2/charset_normalizer-3.4.4-cp313-cp313-manylinux2014_armv7l.manylinux_2_17_armv7l.manylinux_2_31_armv7l.whl", hash = "sha256:3162d5d8ce1bb98dd51af660f2121c55d0fa541b46dff7bb9b9f86ea1d87de72", size = 144180, upload-time = "2025-10-14T04:41:15.588Z" },
    { url = "https://files.pythonhosted.org/packages/91/ed/9706e4070682d1cc219050b6048bfd293ccf67b3d4f5a4f39207453d4b99/charset_normalizer-3.4.4-cp313-cp313-manylinux2014_ppc64le.manylinux_2_17_ppc64le.manylinux_2_28_ppc64le.whl", hash = "sha256:81d5eb2a312700f4ecaa977a8235b634ce853200e828fbadf3a9c50bab278328", size = 161346, upload-time = "2025-10-14T04:41:16.738Z" },
    { url = "https://files.pythonhosted.org/packages/d5/0d/031f0d95e4972901a2f6f09ef055751805ff541511dc1252ba3ca1f80cf5/charset_normalizer-3.4.4-cp313-cp313-manylinux2014_s390x.manylinux_2_17_s390x.manylinux_2_28_s390x.whl", hash = "sha256:5bd2293095d766545ec1a8f612559f6b40abc0eb18bb2f5d1171872d34036ede", size = 158874, upload-time = "2025-10-14T04:41:17.923Z" },
    { url = "https://files.pythonhosted.org/packages/f5/83/6ab5883f57c9c801ce5e5677242328aa45592be8a00644310a008d04f922/charset_normalizer-3.4.4-cp313-cp313-manylinux2014_x86_64.manylinux_2_17_x86_64.manylinux_2_28_x86_64.whl", hash = "sha256:a8a8b89589086a25749f471e6a900d3f662d1d3b6e2e59dcecf787b1cc3a1894", size = 153076, upload-time = "2025-10-14T04:41:19.106Z" },
    { url = "https://files.pythonhosted.org/packages/75/1e/5ff781ddf5260e387d6419959ee89ef13878229732732ee73cdae01800f2/charset_normalizer-3.4.4-cp313-cp313-manylinux_2_31_riscv64.manylinux_2_39_riscv64.whl", hash = "sha256:bc7637e2f80d8530ee4a78e878bce464f70087ce73cf7c1caf142416923b98f1", size = 150601, upload-time = "2025-10-14T04:41:20.245Z" },
    { url = "https://files.pythonhosted.org/packages/d7/57/71be810965493d3510a6ca79b90c19e48696fb1ff964da319334b12677f0/charset_normalizer-3.4.4-cp313-cp313-musllinux_1_2_aarch64.whl", hash = "sha256:f8bf04158c6b607d747e93949aa60618b61312fe647a6369f88ce2ff16043490", size = 150376, upload-time = "2025-10-14T04:41:21.398Z" },
    { url = "https://files.pythonhosted.org/packages/e5/d5/c3d057a78c181d007014feb7e9f2e65905a6c4ef182c0ddf0de2924edd65/charset_normalizer-3.4.4-cp313-cp313-musllinux_1_2_armv7l.whl", hash = "sha256:554af85e960429cf30784dd47447d5125aaa3b99a6f0683589dbd27e2f45da44", size = 144825, upload-time = "2025-10-14T04:41:22.583Z" },
    { url = "https://files.pythonhosted.org/packages/e6/8c/d0406294828d4976f275ffbe66f00266c4b3136b7506941d87c00cab5272/charset_normalizer-3.4.4-cp313-cp313-musllinux_1_2_ppc64le.whl", hash = "sha256:74018750915ee7ad843a774364e13a3db91682f26142baddf775342c3f5b1133", size = 162583, upload-time = "2025-10-14T04:41:23.754Z" },
    { url = "https://files.pythonhosted.org/packages/d7/24/e2aa1f18c8f15c4c0e932d9287b8609dd30ad56dbe41d926bd846e22fb8d/charset_normalizer-3.4.4-cp313-cp313-musllinux_1_2_riscv64.whl", hash = "sha256:c0463276121fdee9c49b98908b3a89c39be45d86d1dbaa22957e38f6321d4ce3", size = 150366, upload-time = "2025-10-14T04:41:25.27Z" },
    { url = "https://files.pythonhosted.org/packages/e4/5b/1e6160c7739aad1e2df054300cc618b06bf784a7a164b0f238360721ab86/charset_normalizer-3.4.4-cp313-cp313-musllinux_1_2_s390x.whl", hash = "sha256:362d61fd13843997c1c446760ef36f240cf81d3ebf74ac62652aebaf7838561e", size = 160300, upload-time = "2025-10-14T04:41:26.725Z" },
    { url = "https://files.pythonhosted.org/packages/7a/10/f882167cd207fbdd743e55534d5d9620e095089d176d55cb22d5322f2afd/charset_normalizer-3.4.4-cp313-cp313-musllinux_1_2_x86_64.whl", hash = "sha256:9a26f18905b8dd5d685d6d07b0cdf98a79f3c7a918906af7cc143ea2e164c8bc", size = 154465, upload-time = "2025-10-14T04:41:28.322Z" },
    { url = "https://files.pythonhosted.org/packages/89/66/c7a9e1b7429be72123441bfdbaf2bc13faab3f90b933f664db506dea5915/charset_normalizer-3.4.4-cp313-cp313-win32.whl", hash = "sha256:9b35f4c90079ff2e2edc5b26c0c77925e5d2d255c42c74fdb70fb49b172726ac", size = 99404, upload-time = "2025-10-14T04:41:29.95Z" },
    { url = "https://files.pythonhosted.org/packages/c4/26/b9924fa27db384bdcd97ab83b4f0a8058d96ad9626ead570674d5e737d90/charset_normalizer-3.4.4-cp313-cp313-win_amd64.whl", hash = "sha256:b435cba5f4f750aa6c0a0d92c541fb79f69a387c91e61f1795227e4ed9cece14", size = 107092, upload-time = "2025-10-14T04:41:31.188Z" },
    { url = "https://files.pythonhosted.org/packages/af/8f/3ed4bfa0c0c72a7ca17f0380cd9e4dd842b09f664e780c13cff1dcf2ef1b/charset_normalizer-3.4.4-cp313-cp313-win_arm64.whl", hash = "sha256:542d2cee80be6f80247095cc36c418f7bddd14f4a6de45af91dfad36d817bba2", size = 100408, upload-time = "2025-10-14T04:41:32.624Z" },
    { url = "https://files.pythonhosted.org/packages/2a/35/7051599bd493e62411d6ede36fd5af83a38f37c4767b92884df7301db25d/charset_normalizer-3.4.4-cp314-cp314-macosx_10_13_universal2.whl", hash = "sha256:da3326d9e65ef63a817ecbcc0df6e94463713b754fe293eaa03da99befb9a5bd", size = 207746, upload-time = "2025-10-14T04:41:33.773Z" },
    { url = "https://files.pythonhosted.org/packages/10/9a/97c8d48ef10d6cd4fcead2415523221624bf58bcf68a802721a6bc807c8f/charset_normalizer-3.4.4-cp314-cp314-manylinux2014_aarch64.manylinux_2_17_aarch64.manylinux_2_28_aarch64.whl", hash = "sha256:8af65f14dc14a79b924524b1e7fffe304517b2bff5a58bf64f30b98bbc5079eb", size = 147889, upload-time = "2025-10-14T04:41:34.897Z" },
    { url = "https://files.pythonhosted.org/packages/10/bf/979224a919a1b606c82bd2c5fa49b5c6d5727aa47b4312bb27b1734f53cd/charset_normalizer-3.4.4-cp314-cp314-manylinux2014_armv7l.manylinux_2_17_armv7l.manylinux_2_31_armv7l.whl", hash = "sha256:74664978bb272435107de04e36db5a9735e78232b85b77d45cfb38f758efd33e", size = 143641, upload-time = "2025-10-14T04:41:36.116Z" },
    { url = "https://files.pythonhosted.org/packages/ba/33/0ad65587441fc730dc7bd90e9716b30b4702dc7b617e6ba4997dc8651495/charset_normalizer-3.4.4-cp314-cp314-manylinux2014_ppc64le.manylinux_2_17_ppc64le.manylinux_2_28_ppc64le.whl", hash = "sha256:752944c7ffbfdd10c074dc58ec2d5a8a4cd9493b314d367c14d24c17684ddd14", size = 160779, upload-time = "2025-10-14T04:41:37.229Z" },
    { url = "https://files.pythonhosted.org/packages/67/ed/331d6b249259ee71ddea93f6f2f0a56cfebd46938bde6fcc6f7b9a3d0e09/charset_normalizer-3.4.4-cp314-cp314-manylinux2014_s390x.manylinux_2_17_s390x.manylinux_2_28_s390x.whl", hash = "sha256:d1f13550535ad8cff21b8d757a3257963e951d96e20ec82ab44bc64aeb62a191", size = 159035, upload-time = "2025-10-14T04:41:38.368Z" },
    { url = "https://files.pythonhosted.org/packages/67/ff/f6b948ca32e4f2a4576aa129d8bed61f2e0543bf9f5f2b7fc3758ed005c9/charset_normalizer-3.4.4-cp314-cp314-manylinux2014_x86_64.manylinux_2_17_x86_64.manylinux_2_28_x86_64.whl", hash = "sha256:ecaae4149d99b1c9e7b88bb03e3221956f68fd6d50be2ef061b2381b61d20838", size = 152542, upload-time = "2025-10-14T04:41:39.862Z" },
    { url = "https://files.pythonhosted.org/packages/16/85/276033dcbcc369eb176594de22728541a925b2632f9716428c851b149e83/charset_normalizer-3.4.4-cp314-cp314-manylinux_2_31_riscv64.manylinux_2_39_riscv64.whl", hash = "sha256:cb6254dc36b47a990e59e1068afacdcd02958bdcce30bb50cc1700a8b9d624a6", size = 149524, upload-time = "2025-10-14T04:41:41.319Z" },
    { url = "https://files.pythonhosted.org/packages/9e/f2/6a2a1f722b6aba37050e626530a46a68f74e63683947a8acff92569f979a/charset_normalizer-3.4.4-cp314-cp314-musllinux_1_2_aarch64.whl", hash = "sha256:c8ae8a0f02f57a6e61203a31428fa1d677cbe50c93622b4149d5c0f319c1d19e", size = 150395, upload-time = "2025-10-14T04:41:42.539Z" },
    { url = "https://files.pythonhosted.org/packages/60/bb/2186cb2f2bbaea6338cad15ce23a67f9b0672929744381e28b0592676824/charset_normalizer-3.4.4-cp314-cp314-musllinux_1_2_armv7l.whl", hash = "sha256:47cc91b2f4dd2833fddaedd2893006b0106129d4b94fdb6af1f4ce5a9965577c", size = 143680, upload-time = "2025-10-14T04:41:43.661Z" },
    { url = "https://files.pythonhosted.org/packages/7d/a5/bf6f13b772fbb2a90360eb620d52ed8f796f3c5caee8398c3b2eb7b1c60d/charset_normalizer-3.4.4-cp314-cp314-musllinux_1_2_ppc64le.whl", hash = "sha256:82004af6c302b5d3ab2cfc4cc5f29db16123b1a8417f2e25f9066f91d4411090", size = 162045, upload-time = "2025-10-14T04:41:44.821Z" },
    { url = "https://files.pythonhosted.org/packages/df/c5/d1be898bf0dc3ef9030c3825e5d3b83f2c528d207d246cbabe245966808d/charset_normalizer-3.4.4-cp314-cp314-musllinux_1_2_riscv64.whl", hash = "sha256:2b7d8f6c26245217bd2ad053761201e9f9680f8ce52f0fcd8d0755aeae5b2152", size = 149687, upload-time = "2025-10-14T04:41:46.442Z" },
    { url = "https://files.pythonhosted.org/packages/a5/42/90c1f7b9341eef50c8a1cb3f098ac43b0508413f33affd762855f67a410e/charset_normalizer-3.4.4-cp314-cp314-musllinux_1_2_s390x.whl", hash = "sha256:799a7a5e4fb2d5898c60b640fd4981d6a25f1c11790935a44ce38c54e985f828", size = 160014, upload-time = "2025-10-14T04:41:47.631Z" },
    { url = "https://files.pythonhosted.org/packages/76/be/4d3ee471e8145d12795ab655ece37baed0929462a86e72372fd25859047c/charset_normalizer-3.4.4-cp314-cp314-musllinux_1_2_x86_64.whl", hash = "sha256:99ae2cffebb06e6c22bdc25801d7b30f503cc87dbd283479e7b606f70aff57ec", size = 154044, upload-time = "2025-10-14T04:41:48.81Z" },
    { url = "https://files.pythonhosted.org/packages/b0/6f/8f7af07237c34a1defe7defc565a9bc1807762f672c0fde711a4b22bf9c0/charset_normalizer-3.4.4-cp314-cp314-win32.whl", hash = "sha256:f9d332f8c2a2fcbffe1378594431458ddbef721c1769d78e2cbc06280d8155f9", size = 99940, upload-time = "2025-10-14T04:41:49.946Z" },
    { url = "https://files.pythonhosted.org/packages/4b/51/8ade005e5ca5b0d80fb4aff72a3775b325bdc3d27408c8113811a7cbe640/charset_normalizer-3.4.4-cp314-cp314-win_amd64.whl", hash = "sha256:8a6562c3700cce886c5be75ade4a5db4214fda19fede41d9792d100288d8f94c", size = 107104, upload-time = "2025-10-14T04:41:51.051Z" },
    { url = "https://files.pythonhosted.org/packages/da/5f/6b8f83a55bb8278772c5ae54a577f3099025f9ade59d0136ac24a0df4bde/charset_normalizer-3.4.4-cp314-cp314-win_arm64.whl", hash = "sha256:de00632ca48df9daf77a2c65a484531649261ec9f25489917f09e455cb09ddb2", size = 100743, upload-time = "2025-10-14T04:41:52.122Z" },
    { url = "https://files.pythonhosted.org/packages/0a/4c/925909008ed5a988ccbb72dcc897407e5d6d3bd72410d69e051fc0c14647/charset_normalizer-3.4.4-py3-none-any.whl", hash = "sha256:7a32c560861a02ff789ad905a2fe94e3f840803362c84fecf1851cb4cf3dc37f", size = 53402, upload-time = "2025-10-14T04:42:31.76Z" },
]

[[package]]
name = "click"
version = "8.3.1"
source = { registry = "https://pypi.org/simple" }
dependencies = [
    { name = "colorama", marker = "sys_platform == 'win32'" },
]
sdist = { url = "https://files.pythonhosted.org/packages/3d/fa/656b739db8587d7b5dfa22e22ed02566950fbfbcdc20311993483657a5c0/click-8.3.1.tar.gz", hash = "sha256:12ff4785d337a1bb490bb7e9c2b1ee5da3112e94a8622f26a6c77f5d2fc6842a", size = 295065, upload-time = "2025-11-15T20:45:42.706Z" }
wheels = [
    { url = "https://files.pythonhosted.org/packages/98/78/01c019cdb5d6498122777c1a43056ebb3ebfeef2076d9d026bfe15583b2b/click-8.3.1-py3-none-any.whl", hash = "sha256:981153a64e25f12d547d3426c367a4857371575ee7ad18df2a6183ab0545b2a6", size = 108274, upload-time = "2025-11-15T20:45:41.139Z" },
]

[[package]]
name = "colorama"
version = "0.4.6"
source = { registry = "https://pypi.org/simple" }
sdist = { url = "https://files.pythonhosted.org/packages/d8/53/6f443c9a4a8358a93a6792e2acffb9d9d5cb0a5cfd8802644b7b1c9a02e4/colorama-0.4.6.tar.gz", hash = "sha256:08695f5cb7ed6e0531a20572697297273c47b8cae5a63ffc6d6ed5c201be6e44", size = 27697, upload-time = "2022-10-25T02:36:22.414Z" }
wheels = [
    { url = "https://files.pythonhosted.org/packages/d1/d6/3965ed04c63042e047cb6a3e6ed1a63a35087b6a609aa3a15ed8ac56c221/colorama-0.4.6-py2.py3-none-any.whl", hash = "sha256:4f1d9991f5acc0ca119f9d443620b77f9d6b33703e51011c16baf57afb285fc6", size = 25335, upload-time = "2022-10-25T02:36:20.889Z" },
]

[[package]]
name = "comtypes"
version = "1.4.13"
source = { registry = "https://pypi.org/simple" }
sdist = { url = "https://files.pythonhosted.org/packages/c0/5c/848f18615227fe20f5ba61b271bbeb670f2ea894f76fb3a533e53d4b52d4/comtypes-1.4.13.zip", hash = "sha256:fc573997ae32b374891cfa8d79ebb8289809ed3a4a3f789d5348371099c7788a", size = 281325, upload-time = "2025-10-12T14:25:09.061Z" }
wheels = [
    { url = "https://files.pythonhosted.org/packages/66/95/f30c80615fda0d3c0ee6493ac9db61183313b43499b62dec136773b0e870/comtypes-1.4.13-py3-none-any.whl", hash = "sha256:21546210748ba52e839e52112124b16ffab7d7fb68096493165fbc249e9023ad", size = 254433, upload-time = "2025-10-12T14:25:07.539Z" },
]

[[package]]
name = "idna"
version = "3.11"
source = { registry = "https://pypi.org/simple" }
sdist = { url = "https://files.pythonhosted.org/packages/6f/6d/0703ccc57f3a7233505399edb88de3cbd678da106337b9fcde432b65ed60/idna-3.11.tar.gz", hash = "sha256:795dafcc9c04ed0c1fb032c2aa73654d8e8c5023a7df64a53f39190ada629902", size = 194582, upload-time = "2025-10-12T14:55:20.501Z" }
wheels = [
    { url = "https://files.pythonhosted.org/packages/0e/61/66938bbb5fc52dbdf84594873d5b51fb1f7c7794e9c0f5bd885f30bc507b/idna-3.11-py3-none-any.whl", hash = "sha256:771a87f49d9defaf64091e6e6fe9c18d4833f140bd19464795bc32d966ca37ea", size = 71008, upload-time = "2025-10-12T14:55:18.883Z" },
]

[[package]]
name = "macholib"
version = "1.16.3"
source = { registry = "https://pypi.org/simple" }
dependencies = [
    { name = "altgraph" },
]
sdist = { url = "https://files.pythonhosted.org/packages/95/ee/af1a3842bdd5902ce133bd246eb7ffd4375c38642aeb5dc0ae3a0329dfa2/macholib-1.16.3.tar.gz", hash = "sha256:07ae9e15e8e4cd9a788013d81f5908b3609aa76f9b1421bae9c4d7606ec86a30", size = 59309, upload-time = "2023-09-25T09:10:16.155Z" }
wheels = [
    { url = "https://files.pythonhosted.org/packages/d1/5d/c059c180c84f7962db0aeae7c3b9303ed1d73d76f2bfbc32bc231c8be314/macholib-1.16.3-py2.py3-none-any.whl", hash = "sha256:0e315d7583d38b8c77e815b1ecbdbf504a8258d8b3e17b61165c6feb60d18f2c", size = 38094, upload-time = "2023-09-25T09:10:14.188Z" },
]

[[package]]
name = "net-down-alarm"
version = "0.1.0"
source = { editable = "." }
dependencies = [
    { name = "click" },
    { name = "pycaw" },
    { name = "requests" },
]

[package.dev-dependencies]
dev = [
    { name = "pyinstaller" },
    { name = "ruff" },
]

[package.metadata]
requires-dist = [
    { name = "click", specifier = ">=8.3.1" },
    { name = "pycaw", specifier = ">=20251023" },
    { name = "requests", specifier = ">=2.32.5" },
]

[package.metadata.requires-dev]
dev = [
    { name = "pyinstaller", specifier = ">=6.16.0" },
    { name = "ruff", specifier = ">=0.14.5" },
]

[[package]]
name = "packaging"
version = "25.0"
source = { registry = "https://pypi.org/simple" }
sdist = { url = "https://files.pythonhosted.org/packages/a1/d4/1fc4078c65507b51b96ca8f8c3ba19e6a61c8253c72794544580a7b6c24d/packaging-25.0.tar.gz", hash = "sha256:d443872c98d677bf60f6a1f2f8c1cb748e8fe762d2bf9d3148b5599295b0fc4f", size = 165727, upload-time = "2025-04-19T11:48:59.673Z" }
wheels = [
    { url = "https://files.pythonhosted.org/packages/20/12/38679034af332785aac8774540895e234f4d07f7545804097de4b666afd8/packaging-25.0-py3-none-any.whl", hash = "sha256:29572ef2b1f17581046b3a2227d5c611fb25ec70ca1ba8554b24b0e69331a484", size = 66469, upload-time = "2025-04-19T11:48:57.875Z" },
]

[[package]]
name = "pefile"
version = "2023.2.7"
source = { registry = "https://pypi.org/simple" }
sdist = { url = "https://files.pythonhosted.org/packages/78/c5/3b3c62223f72e2360737fd2a57c30e5b2adecd85e70276879609a7403334/pefile-2023.2.7.tar.gz", hash = "sha256:82e6114004b3d6911c77c3953e3838654b04511b8b66e8583db70c65998017dc", size = 74854, upload-time = "2023-02-07T12:23:55.958Z" }
wheels = [
    { url = "https://files.pythonhosted.org/packages/55/26/d0ad8b448476d0a1e8d3ea5622dc77b916db84c6aa3cb1e1c0965af948fc/pefile-2023.2.7-py3-none-any.whl", hash = "sha256:da185cd2af68c08a6cd4481f7325ed600a88f6a813bad9dea07ab3ef73d8d8d6", size = 71791, upload-time = "2023-02-07T12:28:36.678Z" },
]

[[package]]
name = "psutil"
version = "7.1.3"
source = { registry = "https://pypi.org/simple" }
sdist = { url = "https://files.pythonhosted.org/packages/e1/88/bdd0a41e5857d5d703287598cbf08dad90aed56774ea52ae071bae9071b6/psutil-7.1.3.tar.gz", hash = "sha256:6c86281738d77335af7aec228328e944b30930899ea760ecf33a4dba66be5e74", size = 489059, upload-time = "2025-11-02T12:25:54.619Z" }
wheels = [
    { url = "https://files.pythonhosted.org/packages/bd/93/0c49e776b8734fef56ec9c5c57f923922f2cf0497d62e0f419465f28f3d0/psutil-7.1.3-cp313-cp313t-macosx_10_13_x86_64.whl", hash = "sha256:0005da714eee687b4b8decd3d6cc7c6db36215c9e74e5ad2264b90c3df7d92dc", size = 239751, upload-time = "2025-11-02T12:25:58.161Z" },
    { url = "https://files.pythonhosted.org/packages/6f/8d/b31e39c769e70780f007969815195a55c81a63efebdd4dbe9e7a113adb2f/psutil-7.1.3-cp313-cp313t-macosx_11_0_arm64.whl", hash = "sha256:19644c85dcb987e35eeeaefdc3915d059dac7bd1167cdcdbf27e0ce2df0c08c0", size = 240368, upload-time = "2025-11-02T12:26:00.491Z" },
    { url = "https://files.pythonhosted.org/packages/62/61/23fd4acc3c9eebbf6b6c78bcd89e5d020cfde4acf0a9233e9d4e3fa698b4/psutil-7.1.3-cp313-cp313t-manylinux2010_x86_64.manylinux_2_12_x86_64.manylinux_2_28_x86_64.whl", hash = "sha256:95ef04cf2e5ba0ab9eaafc4a11eaae91b44f4ef5541acd2ee91d9108d00d59a7", size = 287134, upload-time = "2025-11-02T12:26:02.613Z" },
    { url = "https://files.pythonhosted.org/packages/30/1c/f921a009ea9ceb51aa355cb0cc118f68d354db36eae18174bab63affb3e6/psutil-7.1.3-cp313-cp313t-manylinux2014_aarch64.manylinux_2_17_aarch64.manylinux_2_28_aarch64.whl", hash = "sha256:1068c303be3a72f8e18e412c5b2a8f6d31750fb152f9cb106b54090296c9d251", size = 289904, upload-time = "2025-11-02T12:26:05.207Z" },
    { url = "https://files.pythonhosted.org/packages/a6/82/62d68066e13e46a5116df187d319d1724b3f437ddd0f958756fc052677f4/psutil-7.1.3-cp313-cp313t-win_amd64.whl", hash = "sha256:18349c5c24b06ac5612c0428ec2a0331c26443d259e2a0144a9b24b4395b58fa", size = 249642, upload-time = "2025-11-02T12:26:07.447Z" },
    { url = "https://files.pythonhosted.org/packages/df/ad/c1cd5fe965c14a0392112f68362cfceb5230819dbb5b1888950d18a11d9f/psutil-7.1.3-cp313-cp313t-win_arm64.whl", hash = "sha256:c525ffa774fe4496282fb0b1187725793de3e7c6b29e41562733cae9ada151ee", size = 245518, upload-time = "2025-11-02T12:26:09.719Z" },
    { url = "https://files.pythonhosted.org/packages/2e/bb/6670bded3e3236eb4287c7bcdc167e9fae6e1e9286e437f7111caed2f909/psutil-7.1.3-cp314-cp314t-macosx_10_15_x86_64.whl", hash = "sha256:b403da1df4d6d43973dc004d19cee3b848e998ae3154cc8097d139b77156c353", size = 239843, upload-time = "2025-11-02T12:26:11.968Z" },
    { url = "https://files.pythonhosted.org/packages/b8/66/853d50e75a38c9a7370ddbeefabdd3d3116b9c31ef94dc92c6729bc36bec/psutil-7.1.3-cp314-cp314t-macosx_11_0_arm64.whl", hash = "sha256:ad81425efc5e75da3f39b3e636293360ad8d0b49bed7df824c79764fb4ba9b8b", size = 240369, upload-time = "2025-11-02T12:26:14.358Z" },
    { url = "https://files.pythonhosted.org/packages/41/bd/313aba97cb5bfb26916dc29cf0646cbe4dd6a89ca69e8c6edce654876d39/psutil-7.1.3-cp314-cp314t-manylinux2010_x86_64.manylinux_2_12_x86_64.manylinux_2_28_x86_64.whl", hash = "sha256:8f33a3702e167783a9213db10ad29650ebf383946e91bc77f28a5eb083496bc9", size = 288210, upload-time = "2025-11-02T12:26:16.699Z" },
    { url = "https://files.pythonhosted.org/packages/c2/fa/76e3c06e760927a0cfb5705eb38164254de34e9bd86db656d4dbaa228b04/psutil-7.1.3-cp314-cp314t-manylinux2014_aarch64.manylinux_2_17_aarch64.manylinux_2_28_aarch64.whl", hash = "sha256:fac9cd332c67f4422504297889da5ab7e05fd11e3c4392140f7370f4208ded1f", size = 291182, upload-time = "2025-11-02T12:26:18.848Z" },
    { url = "https://files.pythonhosted.org/packages/0f/1d/5774a91607035ee5078b8fd747686ebec28a962f178712de100d00b78a32/psutil-7.1.3-cp314-cp314t-win_amd64.whl", hash = "sha256:3792983e23b69843aea49c8f5b8f115572c5ab64c153bada5270086a2123c7e7", size = 250466, upload-time = "2025-11-02T12:26:21.183Z" },
    { url = "https://files.pythonhosted.org/packages/00/ca/e426584bacb43a5cb1ac91fae1937f478cd8fbe5e4ff96574e698a2c77cd/psutil-7.1.3-cp314-cp314t-win_arm64.whl", hash = "sha256:31d77fcedb7529f27bb3a0472bea9334349f9a04160e8e6e5020f22c59893264", size = 245756, upload-time = "2025-11-02T12:26:23.148Z" },
    { url = "https://files.pythonhosted.org/packages/ef/94/46b9154a800253e7ecff5aaacdf8ebf43db99de4a2dfa18575b02548654e/psutil-7.1.3-cp36-abi3-macosx_10_9_x86_64.whl", hash = "sha256:2bdbcd0e58ca14996a42adf3621a6244f1bb2e2e528886959c72cf1e326677ab", size = 238359, upload-time = "2025-11-02T12:26:25.284Z" },
    { url = "https://files.pythonhosted.org/packages/68/3a/9f93cff5c025029a36d9a92fef47220ab4692ee7f2be0fba9f92813d0cb8/psutil-7.1.3-cp36-abi3-macosx_11_0_arm64.whl", hash = "sha256:bc31fa00f1fbc3c3802141eede66f3a2d51d89716a194bf2cd6fc68310a19880", size = 239171, upload-time = "2025-11-02T12:26:27.23Z" },
    { url = "https://files.pythonhosted.org/packages/ce/b1/5f49af514f76431ba4eea935b8ad3725cdeb397e9245ab919dbc1d1dc20f/psutil-7.1.3-cp36-abi3-manylinux2010_x86_64.manylinux_2_12_x86_64.manylinux_2_28_x86_64.whl", hash = "sha256:3bb428f9f05c1225a558f53e30ccbad9930b11c3fc206836242de1091d3e7dd3", size = 263261, upload-time = "2025-11-02T12:26:29.48Z" },
    { url = "https://files.pythonhosted.org/packages/e0/95/992c8816a74016eb095e73585d747e0a8ea21a061ed3689474fabb29a395/psutil-7.1.3-cp36-abi3-manylinux2014_aarch64.manylinux_2_17_aarch64.manylinux_2_28_aarch64.whl", hash = "sha256:56d974e02ca2c8eb4812c3f76c30e28836fffc311d55d979f1465c1feeb2b68b", size = 264635, upload-time = "2025-11-02T12:26:31.74Z" },
    { url = "https://files.pythonhosted.org/packages/55/4c/c3ed1a622b6ae2fd3c945a366e64eb35247a31e4db16cf5095e269e8eb3c/psutil-7.1.3-cp37-abi3-win_amd64.whl", hash = "sha256:f39c2c19fe824b47484b96f9692932248a54c43799a84282cfe58d05a6449efd", size = 247633, upload-time = "2025-11-02T12:26:33.887Z" },
    { url = "https://files.pythonhosted.org/packages/c9/ad/33b2ccec09bf96c2b2ef3f9a6f66baac8253d7565d8839e024a6b905d45d/psutil-7.1.3-cp37-abi3-win_arm64.whl", hash = "sha256:bd0d69cee829226a761e92f28140bec9a5ee9d5b4fb4b0cc589068dbfff559b1", size = 244608, upload-time = "2025-11-02T12:26:36.136Z" },
]

[[package]]
name = "pycaw"
version = "20251023"
source = { registry = "https://pypi.org/simple" }
dependencies = [
    { name = "comtypes" },
    { name = "psutil" },
]
sdist = { url = "https://files.pythonhosted.org/packages/d1/81/19181e3118a503f94d8689fbbed60616e85d08cee3a295c11245ae73018f/pycaw-20251023.tar.gz", hash = "sha256:19935b92eb5efc3f3ea5ee8a2d37ca49009e9dc00f83d067b74b9922e84b5b3b", size = 23421, upload-time = "2025-10-23T18:26:45.087Z" }
wheels = [
    { url = "https://files.pythonhosted.org/packages/ff/bc/f60c1622da5c53770c2d62457b5b6fc9623ab41b9d276269b857cd337e22/pycaw-20251023-py3-none-any.whl", hash = "sha256:ef06d234a2fe3c175925a2a8c7ed8824e450851014fdb7d900af1b56ce422d4e", size = 25849, upload-time = "2025-10-23T18:26:43.955Z" },
]

[[package]]
name = "pyinstaller"
version = "6.16.0"
source = { registry = "https://pypi.org/simple" }
dependencies = [
    { name = "altgraph" },
    { name = "macholib", marker = "sys_platform == 'darwin'" },
    { name = "packaging" },
    { name = "pefile", marker = "sys_platform == 'win32'" },
    { name = "pyinstaller-hooks-contrib" },
    { name = "pywin32-ctypes", marker = "sys_platform == 'win32'" },
    { name = "setuptools" },
]
sdist = { url = "https://files.pythonhosted.org/packages/94/94/1f62e95e4a28b64cfbb5b922ef3046f968b47170d37a1e1a029f56ac9cb4/pyinstaller-6.16.0.tar.gz", hash = "sha256:53559fe1e041a234f2b4dcc3288ea8bdd57f7cad8a6644e422c27bb407f3edef", size = 4008473, upload-time = "2025-09-13T20:07:01.733Z" }
wheels = [
    { url = "https://files.pythonhosted.org/packages/7b/0a/c42ce6e5d3de287f2e9432a074fb209f1fb72a86a72f3903849fdb5e4829/pyinstaller-6.16.0-py3-none-macosx_10_13_universal2.whl", hash = "sha256:7fd1c785219a87ca747c21fa92f561b0d2926a7edc06d0a0fe37f3736e00bd7a", size = 1027899, upload-time = "2025-09-13T20:05:59.2Z" },
    { url = "https://files.pythonhosted.org/packages/4e/d0/f18fedde32835d5a758f464c75924e2154065625f09d5456c3c303527654/pyinstaller-6.16.0-py3-none-manylinux2014_aarch64.whl", hash = "sha256:b756ddb9007b8141c5476b553351f9d97559b8af5d07f9460869bfae02be26b0", size = 727990, upload-time = "2025-09-13T20:06:03.583Z" },
    { url = "https://files.pythonhosted.org/packages/7a/db/c8bb47514ce857b24bf9294cf1ff74844b6a489fa0ab4ef6f923288c4e38/pyinstaller-6.16.0-py3-none-manylinux2014_i686.whl", hash = "sha256:0a48f55b85ff60f83169e10050f2759019cf1d06773ad1c4da3a411cd8751058", size = 739238, upload-time = "2025-09-13T20:06:07.69Z" },
    { url = "https://files.pythonhosted.org/packages/c6/3e/451dc784a8fcca0fe9f9b6b802d58555364a95b60f253613a2c83fc6b023/pyinstaller-6.16.0-py3-none-manylinux2014_ppc64le.whl", hash = "sha256:73ba72e04fcece92e32518bbb1e1fb5ac2892677943dfdff38e01a06e8742851", size = 737142, upload-time = "2025-09-13T20:06:11.732Z" },
    { url = "https://files.pythonhosted.org/packages/71/37/2f457479ef8fa2821cdb448acee2421dfb19fbe908bf5499d1930c164084/pyinstaller-6.16.0-py3-none-manylinux2014_s390x.whl", hash = "sha256:b1752488248f7899281b17ca3238eefb5410521291371a686a4f5830f29f52b3", size = 734133, upload-time = "2025-09-13T20:06:15.477Z" },
    { url = "https://files.pythonhosted.org/packages/63/c4/0f7daac4d062a4d1ac2571d8a8b9b5d6812094fcd914d139af591ca5e1ba/pyinstaller-6.16.0-py3-none-manylinux2014_x86_64.whl", hash = "sha256:ba618a61627ee674d6d68e5de084ba17c707b59a4f2a856084b3999bdffbd3f0", size = 733817, upload-time = "2025-09-13T20:06:19.683Z" },
    { url = "https://files.pythonhosted.org/packages/11/e4/b6127265b42bef883e8873d850becadf748bc5652e5a7029b059328f3c31/pyinstaller-6.16.0-py3-none-musllinux_1_1_aarch64.whl", hash = "sha256:c8b7ef536711617e12fef4673806198872033fa06fa92326ad7fd1d84a9fa454", size = 732912, upload-time = "2025-09-13T20:06:23.46Z" },
    { url = "https://files.pythonhosted.org/packages/2b/00/c6663107bdf814b2916e71563beabd09f693c47712213bc228994cb2cc65/pyinstaller-6.16.0-py3-none-musllinux_1_1_x86_64.whl", hash = "sha256:d1ebf84d02c51fed19b82a8abb4df536923abd55bb684d694e1356e4ae2a0ce5", size = 732773, upload-time = "2025-09-13T20:06:27.352Z" },
    { url = "https://files.pythonhosted.org/packages/a3/14/cabe9bc5f60b95d2e70e7d045ab94b0015ff8f6c8b16e2142d3597e30749/pyinstaller-6.16.0-py3-none-win32.whl", hash = "sha256:6d5f8617f3650ff9ef893e2ab4ddbf3c0d23d0c602ef74b5df8fbef4607840c8", size = 1313878, upload-time = "2025-09-13T20:06:33.234Z" },
    { url = "https://files.pythonhosted.org/packages/aa/99/2005efbc297e7813c1d6f18484aa94a1a81ce87b6a5b497c563681f4c4ea/pyinstaller-6.16.0-py3-none-win_amd64.whl", hash = "sha256:bc10eb1a787f99fea613509f55b902fbd2d8b73ff5f51ff245ea29a481d97d41", size = 1374706, upload-time = "2025-09-13T20:06:39.95Z" },
    { url = "https://files.pythonhosted.org/packages/ca/f4/4dfcf69b86d60fcaae05a42bbff1616d48a91e71726e5ed795d773dae9b3/pyinstaller-6.16.0-py3-none-win_arm64.whl", hash = "sha256:d0af8a401de792c233c32c44b16d065ca9ab8262ee0c906835c12bdebc992a64", size = 1315923, upload-time = "2025-09-13T20:06:45.846Z" },
]

[[package]]
name = "pyinstaller-hooks-contrib"
version = "2025.9"
source = { registry = "https://pypi.org/simple" }
dependencies = [
    { name = "packaging" },
    { name = "setuptools" },
]
sdist = { url = "https://files.pythonhosted.org/packages/7d/83/be0f57c0b77b66c33c2283ebd4ea341022b5a743e97c5fb3bebab82b38b9/pyinstaller_hooks_contrib-2025.9.tar.gz", hash = "sha256:56e972bdaad4e9af767ed47d132362d162112260cbe488c9da7fee01f228a5a6", size = 165189, upload-time = "2025-09-24T11:21:35.113Z" }
wheels = [
    { url = "https://files.pythonhosted.org/packages/a2/26/23b4cfc77d7f808c69f59070e1e8293a579ec281a547c61562357160b346/pyinstaller_hooks_contrib-2025.9-py3-none-any.whl", hash = "sha256:ccbfaa49399ef6b18486a165810155e5a8d4c59b41f20dc5da81af7482aaf038", size = 444283, upload-time = "2025-09-24T11:21:33.67Z" },
]

[[package]]
name = "pywin32-ctypes"
version = "0.2.3"
source = { registry = "https://pypi.org/simple" }
sdist = { url = "https://files.pythonhosted.org/packages/85/9f/01a1a99704853cb63f253eea009390c88e7131c67e66a0a02099a8c917cb/pywin32-ctypes-0.2.3.tar.gz", hash = "sha256:d162dc04946d704503b2edc4d55f3dba5c1d539ead017afa00142c38b9885755", size = 29471, upload-time = "2024-08-14T10:15:34.626Z" }
wheels = [
    { url = "https://files.pythonhosted.org/packages/de/3d/8161f7711c017e01ac9f008dfddd9410dff3674334c233bde66e7ba65bbf/pywin32_ctypes-0.2.3-py3-none-any.whl", hash = "sha256:8a1513379d709975552d202d942d9837758905c8d01eb82b8bcc30918929e7b8", size = 30756, upload-time = "2024-08-14T10:15:33.187Z" },
]

[[package]]
name = "requests"
version = "2.32.5"
source = { registry = "https://pypi.org/simple" }
dependencies = [
    { name = "certifi" },
    { name = "charset-normalizer" },
    { name = "idna" },
    { name = "urllib3" },
]
sdist = { url = "https://files.pythonhosted.org/packages/c9/74/b3ff8e6c8446842c3f5c837e9c3dfcfe2018ea6ecef224c710c85ef728f4/requests-2.32.5.tar.gz", hash = "sha256:dbba0bac56e100853db0ea71b82b4dfd5fe2bf6d3754a8893c3af500cec7d7cf", size = 134517, upload-time = "2025-08-18T20:46:02.573Z" }
wheels = [
    { url = "https://files.pythonhosted.org/packages/1e/db/4254e3eabe8020b458f1a747140d32277ec7a271daf1d235b70dc0b4e6e3/requests-2.32.5-py3-none-any.whl", hash = "sha256:2462f94637a34fd532264295e186976db0f5d453d1cdd31473c85a6a161affb6", size = 64738, upload-time = "2025-08-18T20:46:00.542Z" },
]

[[package]]
name = "ruff"
version = "0.14.5"
source = { registry = "https://pypi.org/simple" }
sdist = { url = "https://files.pythonhosted.org/packages/82/fa/fbb67a5780ae0f704876cb8ac92d6d76da41da4dc72b7ed3565ab18f2f52/ruff-0.14.5.tar.gz", hash = "sha256:8d3b48d7d8aad423d3137af7ab6c8b1e38e4de104800f0d596990f6ada1a9fc1", size = 5615944, upload-time = "2025-11-13T19:58:51.155Z" }
wheels = [
    { url = "https://files.pythonhosted.org/packages/68/31/c07e9c535248d10836a94e4f4e8c5a31a1beed6f169b31405b227872d4f4/ruff-0.14.5-py3-none-linux_armv6l.whl", hash = "sha256:f3b8248123b586de44a8018bcc9fefe31d23dda57a34e6f0e1e53bd51fd63594", size = 13171630, upload-time = "2025-11-13T19:57:54.894Z" },
    { url = "https://files.pythonhosted.org/packages/8e/5c/283c62516dca697cd604c2796d1487396b7a436b2f0ecc3fd412aca470e0/ruff-0.14.5-py3-none-macosx_10_12_x86_64.whl", hash = "sha256:f7a75236570318c7a30edd7f5491945f0169de738d945ca8784500b517163a72", size = 13413925, upload-time = "2025-11-13T19:57:59.181Z" },
    { url = "https://files.pythonhosted.org/packages/b6/f3/aa319f4afc22cb6fcba2b9cdfc0f03bbf747e59ab7a8c5e90173857a1361/ruff-0.14.5-py3-none-macosx_11_0_arm64.whl", hash = "sha256:6d146132d1ee115f8802356a2dc9a634dbf58184c51bff21f313e8cd1c74899a", size = 12574040, upload-time = "2025-11-13T19:58:02.056Z" },
    { url = "https://files.pythonhosted.org/packages/f9/7f/cb5845fcc7c7e88ed57f58670189fc2ff517fe2134c3821e77e29fd3b0c8/ruff-0.14.5-py3-none-manylinux_2_17_aarch64.manylinux2014_aarch64.whl", hash = "sha256:e2380596653dcd20b057794d55681571a257a42327da8894b93bbd6111aa801f", size = 13009755, upload-time = "2025-11-13T19:58:05.172Z" },
    { url = "https://files.pythonhosted.org/packages/21/d2/bcbedbb6bcb9253085981730687ddc0cc7b2e18e8dc13cf4453de905d7a0/ruff-0.14.5-py3-none-manylinux_2_17_armv7l.manylinux2014_armv7l.whl", hash = "sha256:2d1fa985a42b1f075a098fa1ab9d472b712bdb17ad87a8ec86e45e7fa6273e68", size = 12937641, upload-time = "2025-11-13T19:58:08.345Z" },
    { url = "https://files.pythonhosted.org/packages/a4/58/e25de28a572bdd60ffc6bb71fc7fd25a94ec6a076942e372437649cbb02a/ruff-0.14.5-py3-none-manylinux_2_17_i686.manylinux2014_i686.whl", hash = "sha256:88f0770d42b7fa02bbefddde15d235ca3aa24e2f0137388cc15b2dcbb1f7c7a7", size = 13610854, upload-time = "2025-11-13T19:58:11.419Z" },
    { url = "https://files.pythonhosted.org/packages/7d/24/43bb3fd23ecee9861970978ea1a7a63e12a204d319248a7e8af539984280/ruff-0.14.5-py3-none-manylinux_2_17_ppc64.manylinux2014_ppc64.whl", hash = "sha256:3676cb02b9061fee7294661071c4709fa21419ea9176087cb77e64410926eb78", size = 15061088, upload-time = "2025-11-13T19:58:14.551Z" },
    { url = "https://files.pythonhosted.org/packages/23/44/a022f288d61c2f8c8645b24c364b719aee293ffc7d633a2ca4d116b9c716/ruff-0.14.5-py3-none-manylinux_2_17_ppc64le.manylinux2014_ppc64le.whl", hash = "sha256:b595bedf6bc9cab647c4a173a61acf4f1ac5f2b545203ba82f30fcb10b0318fb", size = 14734717, upload-time = "2025-11-13T19:58:17.518Z" },
    { url = "https://files.pythonhosted.org/packages/58/81/5c6ba44de7e44c91f68073e0658109d8373b0590940efe5bd7753a2585a3/ruff-0.14.5-py3-none-manylinux_2_17_s390x.manylinux2014_s390x.whl", hash = "sha256:f55382725ad0bdb2e8ee2babcbbfb16f124f5a59496a2f6a46f1d9d99d93e6e2", size = 14028812, upload-time = "2025-11-13T19:58:20.533Z" },
    { url = "https://files.pythonhosted.org/packages/ad/ef/41a8b60f8462cb320f68615b00299ebb12660097c952c600c762078420f8/ruff-0.14.5-py3-none-manylinux_2_17_x86_64.manylinux2014_x86_64.whl", hash = "sha256:7497d19dce23976bdaca24345ae131a1d38dcfe1b0850ad8e9e6e4fa321a6e19", size = 13825656, upload-time = "2025-11-13T19:58:23.345Z" },
    { url = "https://files.pythonhosted.org/packages/7c/00/207e5de737fdb59b39eb1fac806904fe05681981b46d6a6db9468501062e/ruff-0.14.5-py3-none-manylinux_2_31_riscv64.whl", hash = "sha256:410e781f1122d6be4f446981dd479470af86537fb0b8857f27a6e872f65a38e4", size = 13959922, upload-time = "2025-11-13T19:58:26.537Z" },
    { url = "https://files.pythonhosted.org/packages/bc/7e/fa1f5c2776db4be405040293618846a2dece5c70b050874c2d1f10f24776/ruff-0.14.5-py3-none-musllinux_1_2_aarch64.whl", hash = "sha256:c01be527ef4c91a6d55e53b337bfe2c0f82af024cc1a33c44792d6844e2331e1", size = 12932501, upload-time = "2025-11-13T19:58:29.822Z" },
    { url = "https://files.pythonhosted.org/packages/67/d8/d86bf784d693a764b59479a6bbdc9515ae42c340a5dc5ab1dabef847bfaa/ruff-0.14.5-py3-none-musllinux_1_2_armv7l.whl", hash = "sha256:f66e9bb762e68d66e48550b59c74314168ebb46199886c5c5aa0b0fbcc81b151", size = 12927319, upload-time = "2025-11-13T19:58:32.923Z" },
    { url = "https://files.pythonhosted.org/packages/ac/de/ee0b304d450ae007ce0cb3e455fe24fbcaaedae4ebaad6c23831c6663651/ruff-0.14.5-py3-none-musllinux_1_2_i686.whl", hash = "sha256:d93be8f1fa01022337f1f8f3bcaa7ffee2d0b03f00922c45c2207954f351f465", size = 13206209, upload-time = "2025-11-13T19:58:35.952Z" },
    { url = "https://files.pythonhosted.org/packages/33/aa/193ca7e3a92d74f17d9d5771a765965d2cf42c86e6f0fd95b13969115723/ruff-0.14.5-py3-none-musllinux_1_2_x86_64.whl", hash = "sha256:c135d4b681f7401fe0e7312017e41aba9b3160861105726b76cfa14bc25aa367", size = 13953709, upload-time = "2025-11-13T19:58:39.002Z" },
    { url = "https://files.pythonhosted.org/packages/cc/f1/7119e42aa1d3bf036ffc9478885c2e248812b7de9abea4eae89163d2929d/ruff-0.14.5-py3-none-win32.whl", hash = "sha256:c83642e6fccfb6dea8b785eb9f456800dcd6a63f362238af5fc0c83d027dd08b", size = 12925808, upload-time = "2025-11-13T19:58:42.779Z" },
    { url = "https://files.pythonhosted.org/packages/3b/9d/7c0a255d21e0912114784e4a96bf62af0618e2190cae468cd82b13625ad2/ruff-0.14.5-py3-none-win_amd64.whl", hash = "sha256:9d55d7af7166f143c94eae1db3312f9ea8f95a4defef1979ed516dbb38c27621", size = 14331546, upload-time = "2025-11-13T19:58:45.691Z" },
    { url = "https://files.pythonhosted.org/packages/e5/80/69756670caedcf3b9be597a6e12276a6cf6197076eb62aad0c608f8efce0/ruff-0.14.5-py3-none-win_arm64.whl", hash = "sha256:4b700459d4649e2594b31f20a9de33bc7c19976d4746d8d0798ad959621d64a4", size = 13433331, upload-time = "2025-11-13T19:58:48.434Z" },
]

[[package]]
name = "setuptools"
version = "80.9.0"
source = { registry = "https://pypi.org/simple" }
sdist = { url = "https://files.pythonhosted.org/packages/18/5d/3bf57dcd21979b887f014ea83c24ae194cfcd12b9e0fda66b957c69d1fca/setuptools-80.9.0.tar.gz", hash = "sha256:f36b47402ecde768dbfafc46e8e4207b4360c654f1f3bb84475f0a28628fb19c", size = 1319958, upload-time = "2025-05-27T00:56:51.443Z" }
wheels = [
    { url = "https://files.pythonhosted.org/packages/a3/dc/17031897dae0efacfea57dfd3a82fdd2a2aeb58e0ff71b77b87e44edc772/setuptools-80.9.0-py3-none-any.whl", hash = "sha256:062d34222ad13e0cc312a4c02d73f059e86a4acbfbdea8f8f76b28c99f306922", size = 1201486, upload-time = "2025-05-27T00:56:49.664Z" },
]

[[package]]
name = "urllib3"
version = "2.5.0"
source = { registry = "https://pypi.org/simple" }
sdist = { url = "https://files.pythonhosted.org/packages/15/22/9ee70a2574a4f4599c47dd506532914ce044817c7752a79b6a51286319bc/urllib3-2.5.0.tar.gz", hash = "sha256:3fc47733c7e419d4bc3f6b3dc2b4f890bb743906a30d56ba4a5bfa4bbff92760", size = 393185, upload-time = "2025-06-18T14:07:41.644Z" }
wheels = [
    { url = "https://files.pythonhosted.org/packages/a7/c2/fe1e52489ae3122415c51f387e221dd0773709bad6c6cdaa599e8a2c5185/urllib3-2.5.0-py3-none-any.whl", hash = "sha256:e6b01673c0fa6a13e374b50871808eb3bf7046c4b125b216f6bf1cc604cff0dc", size = 129795, upload-time = "2025-06-18T14:07:40.39Z" },
]
